
Microsoft Visual Studio Solution File, Format Version 12.00
# Visual Studio Version 17
VisualStudioVersion = 17.11.35219.272
MinimumVisualStudioVersion = 10.0.40219.1
Project("{FAE04EC0-301F-11D3-BF4B-00C04F79EFBC}") = "AUG-ADO_NET_DEMO", "AUG-ADO_NET_DEMO.csproj", "{0D9DD379-1CD8-43AF-BECE-B5C6CF405E04}"
EndProject
Project("{FAE04EC0-301F-11D3-BF4B-00C04F79EFBC}") = "AUG_ADO_WIN_DEMO", "..\AUG_ADO_WIN_DEMO\AUG_ADO_WIN_DEMO.csproj", "{30C9DE59-F897-44EE-BF86-B918714A3D60}"
EndProject
Global
	GlobalSection(SolutionConfigurationPlatforms) = preSolution
		Debug|Any CPU = Debug|Any CPU
		Release|Any CPU = Release|Any CPU
	EndGlobalSection
	GlobalSection(ProjectConfigurationPlatforms) = postSolution
		{0D9DD379-1CD8-43AF-BECE-B5C6CF405E04}.Debug|Any CPU.ActiveCfg = Debug|Any CPU
		{0D9DD379-1CD8-43AF-BECE-B5C6CF405E04}.Debug|Any CPU.Build.0 = Debug|Any CPU
		{0D9DD379-1CD8-43AF-BECE-B5C6CF405E04}.Release|Any CPU.ActiveCfg = Release|Any CPU
		{0D9DD379-1CD8-43AF-BECE-B5C6CF405E04}.Release|Any CPU.Build.0 = Release|Any CPU
		{30C9DE59-F897-44EE-BF86-B918714A3D60}.Debug|Any CPU.ActiveCfg = Debug|Any CPU
		{30C9DE59-F897-44EE-BF86-B918714A3D60}.Debug|Any CPU.Build.0 = Debug|Any CPU
		{30C9DE59-F897-44EE-BF86-B918714A3D60}.Release|Any CPU.ActiveCfg = Release|Any CPU
		{30C9DE59-F897-44EE-BF86-B918714A3D60}.Release|Any CPU.Build.0 = Release|Any CPU
	EndGlobalSection
	GlobalSection(SolutionProperties) = preSolution
		HideSolutionNode = FALSE
	EndGlobalSection
	GlobalSection(ExtensibilityGlobals) = postSolution
		SolutionGuid = {17F9E361-BA3E-4C8A-951A-A5CA64F24629}
	EndGlobalSection
EndGlobal
